
Microsoft Visual Studio Solution File, Format Version 12.00
# Visual Studio Version 16
VisualStudioVersion = 16.0.30717.126
MinimumVisualStudioVersion = 10.0.40219.1
Project("{FAE04EC0-301F-11D3-BF4B-00C04F79EFBC}") = "Aromato", "Aromato\Aromato.csproj", "{029D7205-3445-495D-AE53-CC03ECE20234}"
EndProject
Project("{E53339B2-1760-4266-BCC7-CA923CBCF16C}") = "docker-compose", "docker-compose.dcproj", "{CF1BD47E-87E9-41F3-8C2F-CC0EBE7206B8}"
EndProject
Global
	GlobalSection(SolutionConfigurationPlatforms) = preSolution
		Debug|Any CPU = Debug|Any CPU
		Release|Any CPU = Release|Any CPU
	EndGlobalSection
	GlobalSection(ProjectConfigurationPlatforms) = postSolution
		{029D7205-3445-495D-AE53-CC03ECE20234}.Debug|Any CPU.ActiveCfg = Debug|Any CPU
		{029D7205-3445-495D-AE53-CC03ECE20234}.Debug|Any CPU.Build.0 = Debug|Any CPU
		{029D7205-3445-495D-AE53-CC03ECE20234}.Release|Any CPU.ActiveCfg = Release|Any CPU
		{029D7205-3445-495D-AE53-CC03ECE20234}.Release|Any CPU.Build.0 = Release|Any CPU
		{CF1BD47E-87E9-41F3-8C2F-CC0EBE7206B8}.Debug|Any CPU.ActiveCfg = Debug|Any CPU
		{CF1BD47E-87E9-41F3-8C2F-CC0EBE7206B8}.Debug|Any CPU.Build.0 = Debug|Any CPU
		{CF1BD47E-87E9-41F3-8C2F-CC0EBE7206B8}.Release|Any CPU.ActiveCfg = Release|Any CPU
		{CF1BD47E-87E9-41F3-8C2F-CC0EBE7206B8}.Release|Any CPU.Build.0 = Release|Any CPU
	EndGlobalSection
	GlobalSection(SolutionProperties) = preSolution
		HideSolutionNode = FALSE
	EndGlobalSection
	GlobalSection(ExtensibilityGlobals) = postSolution
		SolutionGuid = {A867E1A7-9BE9-4051-8961-A56EA0735269}
	EndGlobalSection
EndGlobal
